{
  "pins" : [
    {
      "identity" : "alamofire",
      "kind" : "remoteSourceControl",
      "location" : "https://github.com/Alamofire/Alamofire.git",
      "state" : {
        "revision" : "78424be314842833c04bc3bef5b72e85fff99204",
        "version" : "5.6.4"
      }
    },
    {
      "identity" : "alerttoast",
      "kind" : "remoteSourceControl",
      "location" : "https://github.com/elai950/AlertToast",
      "state" : {
        "revision" : "a4f4267f6454259ba4ed8f9dadb87334a789c26c",
        "version" : "1.3.7"
      }
    },
    {
      "identity" : "kingfisher",
      "kind" : "remoteSourceControl",
      "location" : "https://github.com/onevcat/Kingfisher.git",
      "state" : {
        "revision" : "44e891bdb61426a95e31492a67c7c0dfad1f87c5",
        "version" : "7.4.1"
      }
    },
    {
      "identity" : "playdiacore",
      "kind" : "remoteSourceControl",
      "location" : "https://github.com/irvan90/PlaydiaCore",
      "state" : {
        "branch" : "main",
        "revision" : "4b454434f83154cf8c4fe3b4f737a8fbd605050d"
      }
    },
    {
      "identity" : "realm-core",
      "kind" : "remoteSourceControl",
      "location" : "https://github.com/realm/realm-core.git",
      "state" : {
        "revision" : "b77443ca7fa25407869ca537bf3ae912b1427bff",
        "version" : "12.13.0"
      }
    },
    {
      "identity" : "realm-swift",
      "kind" : "remoteSourceControl",
      "location" : "https://github.com/realm/realm-swift.git",
      "state" : {
        "revision" : "b442ee3e9caa1abab26fd9b23f060f6f0815ff48",
        "version" : "10.33.0"
      }
    },
    {
      "identity" : "storyui",
      "kind" : "remoteSourceControl",
      "location" : "https://github.com/tiskender2/StoryUI.git",
      "state" : {
        "revision" : "0e423861443fcf90435b0fc17b612e354e58c07d",
        "version" : "1.1.1"
      }
    }
  ],
  "version" : 2
}
